
Microsoft Visual Studio Solution File, Format Version 12.00
# Visual Studio Version 16
VisualStudioVersion = 16.0.31019.35
MinimumVisualStudioVersion = 10.0.40219.1
Project("{FAE04EC0-301F-11D3-BF4B-00C04F79EFBC}") = "ZipLane.Android", "ZipLane.Android\ZipLane.Android.csproj", "{2A671524-E2F8-410E-9C27-723DE347E851}"
EndProject
Project("{FAE04EC0-301F-11D3-BF4B-00C04F79EFBC}") = "ZipLane.iOS", "ZipLane.iOS\ZipLane.iOS.csproj", "{2B3CC4DA-4C82-49EC-80B6-D6A543E0F747}"
EndProject
Project("{9A19103F-16F7-4668-BE54-9A1E7A4F7556}") = "ZipLane", "ZipLane\ZipLane.csproj", "{8A5998EF-B0D8-4EC7-B33B-666B0F31B93D}"
EndProject
Global
	GlobalSection(SolutionConfigurationPlatforms) = preSolution
		Debug|Any CPU = Debug|Any CPU
		Debug|iPhone = Debug|iPhone
		Debug|iPhoneSimulator = Debug|iPhoneSimulator
		Release|Any CPU = Release|Any CPU
		Release|iPhone = Release|iPhone
		Release|iPhoneSimulator = Release|iPhoneSimulator
	EndGlobalSection
	GlobalSection(ProjectConfigurationPlatforms) = postSolution
		{2A671524-E2F8-410E-9C27-723DE347E851}.Debug|Any CPU.ActiveCfg = Debug|Any CPU
		{2A671524-E2F8-410E-9C27-723DE347E851}.Debug|Any CPU.Build.0 = Debug|Any CPU
		{2A671524-E2F8-410E-9C27-723DE347E851}.Debug|Any CPU.Deploy.0 = Debug|Any CPU
		{2A671524-E2F8-410E-9C27-723DE347E851}.Debug|iPhone.ActiveCfg = Debug|Any CPU
		{2A671524-E2F8-410E-9C27-723DE347E851}.Debug|iPhone.Build.0 = Debug|Any CPU
		{2A671524-E2F8-410E-9C27-723DE347E851}.Debug|iPhone.Deploy.0 = Debug|Any CPU
		{2A671524-E2F8-410E-9C27-723DE347E851}.Debug|iPhoneSimulator.ActiveCfg = Debug|Any CPU
		{2A671524-E2F8-410E-9C27-723DE347E851}.Debug|iPhoneSimulator.Build.0 = Debug|Any CPU
		{2A671524-E2F8-410E-9C27-723DE347E851}.Debug|iPhoneSimulator.Deploy.0 = Debug|Any CPU
		{2A671524-E2F8-410E-9C27-723DE347E851}.Release|Any CPU.ActiveCfg = Release|Any CPU
		{2A671524-E2F8-410E-9C27-723DE347E851}.Release|Any CPU.Build.0 = Release|Any CPU
		{2A671524-E2F8-410E-9C27-723DE347E851}.Release|Any CPU.Deploy.0 = Release|Any CPU
		{2A671524-E2F8-410E-9C27-723DE347E851}.Release|iPhone.ActiveCfg = Release|Any CPU
		{2A671524-E2F8-410E-9C27-723DE347E851}.Release|iPhone.Build.0 = Release|Any CPU
		{2A671524-E2F8-410E-9C27-723DE347E851}.Release|iPhone.Deploy.0 = Release|Any CPU
		{2A671524-E2F8-410E-9C27-723DE347E851}.Release|iPhoneSimulator.ActiveCfg = Release|Any CPU
		{2A671524-E2F8-410E-9C27-723DE347E851}.Release|iPhoneSimulator.Build.0 = Release|Any CPU
		{2A671524-E2F8-410E-9C27-723DE347E851}.Release|iPhoneSimulator.Deploy.0 = Release|Any CPU
		{2B3CC4DA-4C82-49EC-80B6-D6A543E0F747}.Debug|Any CPU.ActiveCfg = Debug|iPhone
		{2B3CC4DA-4C82-49EC-80B6-D6A543E0F747}.Debug|Any CPU.Build.0 = Debug|iPhone
		{2B3CC4DA-4C82-49EC-80B6-D6A543E0F747}.Debug|Any CPU.Deploy.0 = Debug|iPhone
		{2B3CC4DA-4C82-49EC-80B6-D6A543E0F747}.Debug|iPhone.ActiveCfg = Debug|iPhone
		{2B3CC4DA-4C82-49EC-80B6-D6A543E0F747}.Debug|iPhone.Build.0 = Debug|iPhone
		{2B3CC4DA-4C82-49EC-80B6-D6A543E0F747}.Debug|iPhone.Deploy.0 = Debug|iPhone
		{2B3CC4DA-4C82-49EC-80B6-D6A543E0F747}.Debug|iPhoneSimulator.ActiveCfg = Debug|iPhoneSimulator
		{2B3CC4DA-4C82-49EC-80B6-D6A543E0F747}.Debug|iPhoneSimulator.Build.0 = Debug|iPhoneSimulator
		{2B3CC4DA-4C82-49EC-80B6-D6A543E0F747}.Debug|iPhoneSimulator.Deploy.0 = Debug|iPhoneSimulator
		{2B3CC4DA-4C82-49EC-80B6-D6A543E0F747}.Release|Any CPU.ActiveCfg = Release|iPhoneSimulator
		{2B3CC4DA-4C82-49EC-80B6-D6A543E0F747}.Release|Any CPU.Build.0 = Release|iPhoneSimulator
		{2B3CC4DA-4C82-49EC-80B6-D6A543E0F747}.Release|Any CPU.Deploy.0 = Release|iPhoneSimulator
		{2B3CC4DA-4C82-49EC-80B6-D6A543E0F747}.Release|iPhone.ActiveCfg = Release|iPhone
		{2B3CC4DA-4C82-49EC-80B6-D6A543E0F747}.Release|iPhone.Build.0 = Release|iPhone
		{2B3CC4DA-4C82-49EC-80B6-D6A543E0F747}.Release|iPhone.Deploy.0 = Release|iPhone
		{2B3CC4DA-4C82-49EC-80B6-D6A543E0F747}.Release|iPhoneSimulator.ActiveCfg = Release|iPhoneSimulator
		{2B3CC4DA-4C82-49EC-80B6-D6A543E0F747}.Release|iPhoneSimulator.Build.0 = Release|iPhoneSimulator
		{2B3CC4DA-4C82-49EC-80B6-D6A543E0F747}.Release|iPhoneSimulator.Deploy.0 = Release|iPhoneSimulator
		{8A5998EF-B0D8-4EC7-B33B-666B0F31B93D}.Debug|Any CPU.ActiveCfg = Debug|Any CPU
		{8A5998EF-B0D8-4EC7-B33B-666B0F31B93D}.Debug|Any CPU.Build.0 = Debug|Any CPU
		{8A5998EF-B0D8-4EC7-B33B-666B0F31B93D}.Debug|Any CPU.Deploy.0 = Debug|Any CPU
		{8A5998EF-B0D8-4EC7-B33B-666B0F31B93D}.Debug|iPhone.ActiveCfg = Debug|Any CPU
		{8A5998EF-B0D8-4EC7-B33B-666B0F31B93D}.Debug|iPhone.Build.0 = Debug|Any CPU
		{8A5998EF-B0D8-4EC7-B33B-666B0F31B93D}.Debug|iPhone.Deploy.0 = Debug|Any CPU
		{8A5998EF-B0D8-4EC7-B33B-666B0F31B93D}.Debug|iPhoneSimulator.ActiveCfg = Debug|Any CPU
		{8A5998EF-B0D8-4EC7-B33B-666B0F31B93D}.Debug|iPhoneSimulator.Build.0 = Debug|Any CPU
		{8A5998EF-B0D8-4EC7-B33B-666B0F31B93D}.Debug|iPhoneSimulator.Deploy.0 = Debug|Any CPU
		{8A5998EF-B0D8-4EC7-B33B-666B0F31B93D}.Release|Any CPU.ActiveCfg = Release|Any CPU
		{8A5998EF-B0D8-4EC7-B33B-666B0F31B93D}.Release|Any CPU.Build.0 = Release|Any CPU
		{8A5998EF-B0D8-4EC7-B33B-666B0F31B93D}.Release|Any CPU.Deploy.0 = Release|Any CPU
		{8A5998EF-B0D8-4EC7-B33B-666B0F31B93D}.Release|iPhone.ActiveCfg = Release|Any CPU
		{8A5998EF-B0D8-4EC7-B33B-666B0F31B93D}.Release|iPhone.Build.0 = Release|Any CPU
		{8A5998EF-B0D8-4EC7-B33B-666B0F31B93D}.Release|iPhone.Deploy.0 = Release|Any CPU
		{8A5998EF-B0D8-4EC7-B33B-666B0F31B93D}.Release|iPhoneSimulator.ActiveCfg = Release|Any CPU
		{8A5998EF-B0D8-4EC7-B33B-666B0F31B93D}.Release|iPhoneSimulator.Build.0 = Release|Any CPU
		{8A5998EF-B0D8-4EC7-B33B-666B0F31B93D}.Release|iPhoneSimulator.Deploy.0 = Release|Any CPU
	EndGlobalSection
	GlobalSection(SolutionProperties) = preSolution
		HideSolutionNode = FALSE
	EndGlobalSection
	GlobalSection(ExtensibilityGlobals) = postSolution
		SolutionGuid = {6A74E67A-4390-4554-9632-296677527AAD}
	EndGlobalSection
EndGlobal
